// !$*UTF8*$!
{
	archiveVersion = 1;
	classes = {
	};
	objectVersion = 46;
	objects = {

/* Begin PBXFileReference section */
		3244A3AB1DAF5912007CADA6 /* photo.py */ = {isa = PBXFileReference; lastKnownFileType = text.script.python; path = photo.py; sourceTree = "<group>"; };
		3244A3AC1DAF5912007CADA6 /* printFormat.py */ = {isa = PBXFileReference; lastKnownFileType = text.script.python; path = printFormat.py; sourceTree = "<group>"; };
		3244A3AD1DAF5999007CADA6 /* __init__.py */ = {isa = PBXFileReference; lastKnownFileType = text.script.python; path = __init__.py; sourceTree = "<group>"; };
		3244A3AE1DAF599E007CADA6 /* __init__.py */ = {isa = PBXFileReference; lastKnownFileType = text.script.python; path = __init__.py; sourceTree = "<group>"; };
		32CF24FC1DB6656B00817C3C /* test.py */ = {isa = PBXFileReference; lastKnownFileType = text.script.python; path = test.py; sourceTree = "<group>"; };
		32CF24FD1DB684A500817C3C /* main.py */ = {isa = PBXFileReference; lastKnownFileType = text.script.python; path = main.py; sourceTree = "<group>"; };
		32CF24FF1DBA690800817C3C /* printer.py */ = {isa = PBXFileReference; lastKnownFileType = text.script.python; path = printer.py; sourceTree = "<group>"; };
		32CF25001DC4BBC500817C3C /* configuration.py */ = {isa = PBXFileReference; lastKnownFileType = text.script.python; path = configuration.py; sourceTree = "<group>"; };
		32CF25011DC5FF8600817C3C /* printerlist.py */ = {isa = PBXFileReference; lastKnownFileType = text.script.python; path = printerlist.py; sourceTree = "<group>"; };
		32CF25041DC6045800817C3C /* COR-MARS16_elements-template.jpg */ = {isa = PBXFileReference; lastKnownFileType = image.jpeg; path = "COR-MARS16_elements-template.jpg"; sourceTree = "<group>"; };
		32CF25071DC6045800817C3C /* 1139147525899845285-CP900-print.jpg */ = {isa = PBXFileReference; lastKnownFileType = image.jpeg; path = "1139147525899845285-CP900-print.jpg"; sourceTree = "<group>"; };
		32CF25081DC6045800817C3C /* 1139147525899845285-CP900-python.jpg */ = {isa = PBXFileReference; lastKnownFileType = image.jpeg; path = "1139147525899845285-CP900-python.jpg"; sourceTree = "<group>"; };
		32CF25091DC6045800817C3C /* 1139147525899845285.jpg */ = {isa = PBXFileReference; lastKnownFileType = image.jpeg; path = 1139147525899845285.jpg; sourceTree = "<group>"; };
		32CF250A1DC6045800817C3C /* 1194941102189608484-CP900-print.jpg */ = {isa = PBXFileReference; lastKnownFileType = image.jpeg; path = "1194941102189608484-CP900-print.jpg"; sourceTree = "<group>"; };
		32CF250B1DC6045800817C3C /* 1194941102189608484-CP900-python.jpg */ = {isa = PBXFileReference; lastKnownFileType = image.jpeg; path = "1194941102189608484-CP900-python.jpg"; sourceTree = "<group>"; };
		32CF250C1DC6045800817C3C /* 1194941102189608484.jpg */ = {isa = PBXFileReference; lastKnownFileType = image.jpeg; path = 1194941102189608484.jpg; sourceTree = "<group>"; };
		32CF250D1DC6045800817C3C /* 1326184207731289979-CP900-print.jpg */ = {isa = PBXFileReference; lastKnownFileType = image.jpeg; path = "1326184207731289979-CP900-print.jpg"; sourceTree = "<group>"; };
		32CF250E1DC6045800817C3C /* 1326184207731289979-CP900-python.jpg */ = {isa = PBXFileReference; lastKnownFileType = image.jpeg; path = "1326184207731289979-CP900-python.jpg"; sourceTree = "<group>"; };
		32CF250F1DC6045800817C3C /* 1326184207731289979.jpg */ = {isa = PBXFileReference; lastKnownFileType = image.jpeg; path = 1326184207731289979.jpg; sourceTree = "<group>"; };
		32CF25101DC6045800817C3C /* 712495213394164801-CP900-print.jpg */ = {isa = PBXFileReference; lastKnownFileType = image.jpeg; path = "712495213394164801-CP900-print.jpg"; sourceTree = "<group>"; };
		32CF25111DC6045800817C3C /* 712495213394164801-template-CP900-print.jpg */ = {isa = PBXFileReference; lastKnownFileType = image.jpeg; path = "712495213394164801-template-CP900-print.jpg"; sourceTree = "<group>"; };
		32CF25121DC6045800817C3C /* 712495213394164801-template.jpg */ = {isa = PBXFileReference; lastKnownFileType = image.jpeg; path = "712495213394164801-template.jpg"; sourceTree = "<group>"; };
		32CF25131DC6045800817C3C /* 712495213394164801.jpg */ = {isa = PBXFileReference; lastKnownFileType = image.jpeg; path = 712495213394164801.jpg; sourceTree = "<group>"; };
		32CF25151DC6045800817C3C /* 20161029_clutcho_selphy.cfg */ = {isa = PBXFileReference; lastKnownFileType = text; path = 20161029_clutcho_selphy.cfg; sourceTree = "<group>"; };
		32CF25171DC6045800817C3C /* 1313840674994551403-CP900-print.jpg */ = {isa = PBXFileReference; lastKnownFileType = image.jpeg; path = "1313840674994551403-CP900-print.jpg"; sourceTree = "<group>"; };
		32CF25181DC6045800817C3C /* 1313840674994551403.jpg */ = {isa = PBXFileReference; lastKnownFileType = image.jpeg; path = 1313840674994551403.jpg; sourceTree = "<group>"; };
		32CF251A1DC6045800817C3C /* COR-MARS16_elements-template-gimp-CP900-print.jpg */ = {isa = PBXFileReference; lastKnownFileType = image.jpeg; path = "COR-MARS16_elements-template-gimp-CP900-print.jpg"; sourceTree = "<group>"; };
		32CF251B1DC6045800817C3C /* COR-MARS16_elements-template-gimp-CP900-python.jpg */ = {isa = PBXFileReference; lastKnownFileType = image.jpeg; path = "COR-MARS16_elements-template-gimp-CP900-python.jpg"; sourceTree = "<group>"; };
		32CF251C1DC6045800817C3C /* COR-MARS16_elements-template-gimp-margin.jpg */ = {isa = PBXFileReference; lastKnownFileType = image.jpeg; path = "COR-MARS16_elements-template-gimp-margin.jpg"; sourceTree = "<group>"; };
		32CF251D1DC6045800817C3C /* COR-MARS16_elements-template-gimp.jpg */ = {isa = PBXFileReference; lastKnownFileType = image.jpeg; path = "COR-MARS16_elements-template-gimp.jpg"; sourceTree = "<group>"; };
		32CF251E1DC6045800817C3C /* COR-MARS16_elements-template.jpg */ = {isa = PBXFileReference; lastKnownFileType = image.jpeg; path = "COR-MARS16_elements-template.jpg"; sourceTree = "<group>"; };
		32CF251F1DC6045800817C3C /* COR-NOV16_elements-template-instagram_FLASH-gimp-margin.jpg */ = {isa = PBXFileReference; lastKnownFileType = image.jpeg; path = "COR-NOV16_elements-template-instagram_FLASH-gimp-margin.jpg"; sourceTree = "<group>"; };
		32CF25201DC6045800817C3C /* COR-NOV16_elements-template-instagram_FLASH-gimp.jpg */ = {isa = PBXFileReference; lastKnownFileType = image.jpeg; path = "COR-NOV16_elements-template-instagram_FLASH-gimp.jpg"; sourceTree = "<group>"; };
		32CF25211DC6045800817C3C /* COR-NOV16_elements-template-instagram_FLASH.jpg */ = {isa = PBXFileReference; lastKnownFileType = image.jpeg; path = "COR-NOV16_elements-template-instagram_FLASH.jpg"; sourceTree = "<group>"; };
		32CF25231DC7DD0F00817C3C /* __init__.py */ = {isa = PBXFileReference; lastKnownFileType = text.script.python; path = __init__.py; sourceTree = "<group>"; };
		32CF25241DC7DD0F00817C3C /* compositing.py */ = {isa = PBXFileReference; lastKnownFileType = text.script.python; path = compositing.py; sourceTree = "<group>"; };
		32CF25251DC7DD0F00817C3C /* conversion.py */ = {isa = PBXFileReference; lastKnownFileType = text.script.python; path = conversion.py; sourceTree = "<group>"; };
/* End PBXFileReference section */

/* Begin PBXGroup section */
		3244A3AA1DAF5912007CADA6 /* classes */ = {
			isa = PBXGroup;
			children = (
				3244A3AD1DAF5999007CADA6 /* __init__.py */,
				3244A3AB1DAF5912007CADA6 /* photo.py */,
				3244A3AC1DAF5912007CADA6 /* printFormat.py */,
				32CF24FF1DBA690800817C3C /* printer.py */,
				32CF25001DC4BBC500817C3C /* configuration.py */,
			);
			path = classes;
			sourceTree = "<group>";
		};
		32A3A3081DAD2BE6006790E9 = {
			isa = PBXGroup;
			children = (
				32CF25221DC7DD0F00817C3C /* helper */,
				32CF25021DC6045800817C3C /* resources */,
				3244A3AA1DAF5912007CADA6 /* classes */,
				3244A3AE1DAF599E007CADA6 /* __init__.py */,
				32CF24FC1DB6656B00817C3C /* test.py */,
				32CF24FD1DB684A500817C3C /* main.py */,
				32CF25011DC5FF8600817C3C /* printerlist.py */,
			);
			sourceTree = "<group>";
		};
		32CF25021DC6045800817C3C /* resources */ = {
			isa = PBXGroup;
			children = (
				32CF25031DC6045800817C3C /* template */,
				32CF25051DC6045800817C3C /* test */,
			);
			path = resources;
			sourceTree = "<group>";
		};
		32CF25031DC6045800817C3C /* template */ = {
			isa = PBXGroup;
			children = (
				32CF25041DC6045800817C3C /* COR-MARS16_elements-template.jpg */,
			);
			path = template;
			sourceTree = "<group>";
		};
		32CF25051DC6045800817C3C /* test */ = {
			isa = PBXGroup;
			children = (
				32CF25061DC6045800817C3C /* bentalou */,
				32CF25141DC6045800817C3C /* configurations */,
				32CF25161DC6045800817C3C /* finhalmn */,
				32CF25191DC6045800817C3C /* template */,
			);
			path = test;
			sourceTree = "<group>";
		};
		32CF25061DC6045800817C3C /* bentalou */ = {
			isa = PBXGroup;
			children = (
				32CF25071DC6045800817C3C /* 1139147525899845285-CP900-print.jpg */,
				32CF25081DC6045800817C3C /* 1139147525899845285-CP900-python.jpg */,
				32CF25091DC6045800817C3C /* 1139147525899845285.jpg */,
				32CF250A1DC6045800817C3C /* 1194941102189608484-CP900-print.jpg */,
				32CF250B1DC6045800817C3C /* 1194941102189608484-CP900-python.jpg */,
				32CF250C1DC6045800817C3C /* 1194941102189608484.jpg */,
				32CF250D1DC6045800817C3C /* 1326184207731289979-CP900-print.jpg */,
				32CF250E1DC6045800817C3C /* 1326184207731289979-CP900-python.jpg */,
				32CF250F1DC6045800817C3C /* 1326184207731289979.jpg */,
				32CF25101DC6045800817C3C /* 712495213394164801-CP900-print.jpg */,
				32CF25111DC6045800817C3C /* 712495213394164801-template-CP900-print.jpg */,
				32CF25121DC6045800817C3C /* 712495213394164801-template.jpg */,
				32CF25131DC6045800817C3C /* 712495213394164801.jpg */,
			);
			path = bentalou;
			sourceTree = "<group>";
		};
		32CF25141DC6045800817C3C /* configurations */ = {
			isa = PBXGroup;
			children = (
				32CF25151DC6045800817C3C /* 20161029_clutcho_selphy.cfg */,
			);
			path = configurations;
			sourceTree = "<group>";
		};
		32CF25161DC6045800817C3C /* finhalmn */ = {
			isa = PBXGroup;
			children = (
				32CF25171DC6045800817C3C /* 1313840674994551403-CP900-print.jpg */,
				32CF25181DC6045800817C3C /* 1313840674994551403.jpg */,
			);
			path = finhalmn;
			sourceTree = "<group>";
		};
		32CF25191DC6045800817C3C /* template */ = {
			isa = PBXGroup;
			children = (
				32CF251A1DC6045800817C3C /* COR-MARS16_elements-template-gimp-CP900-print.jpg */,
				32CF251B1DC6045800817C3C /* COR-MARS16_elements-template-gimp-CP900-python.jpg */,
				32CF251C1DC6045800817C3C /* COR-MARS16_elements-template-gimp-margin.jpg */,
				32CF251D1DC6045800817C3C /* COR-MARS16_elements-template-gimp.jpg */,
				32CF251E1DC6045800817C3C /* COR-MARS16_elements-template.jpg */,
				32CF251F1DC6045800817C3C /* COR-NOV16_elements-template-instagram_FLASH-gimp-margin.jpg */,
				32CF25201DC6045800817C3C /* COR-NOV16_elements-template-instagram_FLASH-gimp.jpg */,
				32CF25211DC6045800817C3C /* COR-NOV16_elements-template-instagram_FLASH.jpg */,
			);
			path = template;
			sourceTree = "<group>";
		};
		32CF25221DC7DD0F00817C3C /* helper */ = {
			isa = PBXGroup;
			children = (
				32CF25231DC7DD0F00817C3C /* __init__.py */,
				32CF25241DC7DD0F00817C3C /* compositing.py */,
				32CF25251DC7DD0F00817C3C /* conversion.py */,
			);
			path = helper;
			sourceTree = "<group>";
		};
/* End PBXGroup section */

/* Begin PBXProject section */
		32A3A3091DAD2BE6006790E9 /* Project object */ = {
			isa = PBXProject;
			attributes = {
				LastUpgradeCheck = 0730;
			};
			buildConfigurationList = 32A3A30C1DAD2BE6006790E9 /* Build configuration list for PBXProject "Wistitigram" */;
			compatibilityVersion = "Xcode 3.2";
			developmentRegion = English;
			hasScannedForEncodings = 0;
			knownRegions = (
				en,
			);
			mainGroup = 32A3A3081DAD2BE6006790E9;
			projectDirPath = "";
			projectRoot = "";
			targets = (
			);
		};
/* End PBXProject section */

/* Begin XCBuildConfiguration section */
		32A3A30D1DAD2BE6006790E9 /* Debug */ = {
			isa = XCBuildConfiguration;
			buildSettings = {
			};
			name = Debug;
		};
		32A3A30E1DAD2BE6006790E9 /* Release */ = {
			isa = XCBuildConfiguration;
			buildSettings = {
			};
			name = Release;
		};
/* End XCBuildConfiguration section */

/* Begin XCConfigurationList section */
		32A3A30C1DAD2BE6006790E9 /* Build configuration list for PBXProject "Wistitigram" */ = {
			isa = XCConfigurationList;
			buildConfigurations = (
				32A3A30D1DAD2BE6006790E9 /* Debug */,
				32A3A30E1DAD2BE6006790E9 /* Release */,
			);
			defaultConfigurationIsVisible = 0;
			defaultConfigurationName = Release;
		};
/* End XCConfigurationList section */
	};
	rootObject = 32A3A3091DAD2BE6006790E9 /* Project object */;
}
